{
  "nodes": {
    "blueprint": {
      "inputs": {
        "nixpkgs": [
          "nix-ai-tools",
          "nixpkgs"
        ],
        "systems": "systems"
      },
      "locked": {
        "lastModified": 1758687491,
        "narHash": "sha256-sy8Q+MfBe+MZzYj4MJwBDe4lkLnmhy1POO86hWZgqO8=",
        "owner": "numtide",
        "repo": "blueprint",
        "rev": "7ecaeb70f63d14a397c73b38f57177894bb795c8",
        "type": "github"
      },
      "original": {
        "owner": "numtide",
        "repo": "blueprint",
        "type": "github"
      }
    },
    "compose2nix": {
      "inputs": {
        "nixpkgs": [
          "nixpkgs"
        ],
        "onchg": "onchg"
      },
      "locked": {
        "lastModified": 1760811670,
        "narHash": "sha256-fYIc0z/RDqnmkYQlPb4eaFczOqNadTn3yPL9OvUCqZM=",
        "owner": "aksiksi",
        "repo": "compose2nix",
        "rev": "6760de57e74ed4e18896323cdafe3205711c0b65",
        "type": "github"
      },
      "original": {
        "owner": "aksiksi",
        "repo": "compose2nix",
        "type": "github"
      }
    },
    "cpu-microcodes": {
      "flake": false,
      "locked": {
        "lastModified": 1759588812,
        "narHash": "sha256-HMq/XjTY/Dmjzufho8dw8bL/2iMlcIZEUcJI84o6/no=",
        "owner": "platomav",
        "repo": "CPUMicrocodes",
        "rev": "ae2c33ecd7a5855a743b360a05bc984911d16957",
        "type": "github"
      },
      "original": {
        "owner": "platomav",
        "repo": "CPUMicrocodes",
        "rev": "ae2c33ecd7a5855a743b360a05bc984911d16957",
        "type": "github"
      }
    },
    "flake-parts": {
      "inputs": {
        "nixpkgs-lib": "nixpkgs-lib"
      },
      "locked": {
        "lastModified": 1730504689,
        "narHash": "sha256-hgmguH29K2fvs9szpq2r3pz2/8cJd2LPS+b4tfNFCwE=",
        "owner": "hercules-ci",
        "repo": "flake-parts",
        "rev": "506278e768c2a08bec68eb62932193e341f55c90",
        "type": "github"
      },
      "original": {
        "owner": "hercules-ci",
        "repo": "flake-parts",
        "type": "github"
      }
    },
    "flake-utils": {
      "locked": {
        "lastModified": 1652776076,
        "narHash": "sha256-gzTw/v1vj4dOVbpBSJX4J0DwUR6LIyXo7/SuuTJp1kM=",
        "owner": "numtide",
        "repo": "flake-utils",
        "rev": "04c1b180862888302ddfb2e3ad9eaa63afc60cf8",
        "type": "github"
      },
      "original": {
        "owner": "numtide",
        "repo": "flake-utils",
        "type": "github"
      }
    },
    "home-manager": {
      "inputs": {
        "nixpkgs": [
          "nixpkgs"
        ]
      },
      "locked": {
        "lastModified": 1758463745,
        "narHash": "sha256-uhzsV0Q0I9j2y/rfweWeGif5AWe0MGrgZ/3TjpDYdGA=",
        "owner": "nix-community",
        "repo": "home-manager",
        "rev": "3b955f5f0a942f9f60cdc9cacb7844335d0f21c3",
        "type": "github"
      },
      "original": {
        "owner": "nix-community",
        "ref": "release-25.05",
        "repo": "home-manager",
        "type": "github"
      }
    },
    "llama-cpp": {
      "inputs": {
        "flake-parts": "flake-parts",
        "nixpkgs": "nixpkgs"
      },
      "locked": {
        "lastModified": 1761300025,
        "narHash": "sha256-5tXn5Ya7mfRZNFpHaCrOZmDv4pzBV5pyVPP6TSpQZ6s=",
        "path": "/home/steelph0enix/llama.cpp",
        "type": "path"
      },
      "original": {
        "path": "/home/steelph0enix/llama.cpp",
        "type": "path"
      }
    },
    "nix-ai-tools": {
      "inputs": {
        "blueprint": "blueprint",
        "nixpkgs": "nixpkgs_2",
        "treefmt-nix": "treefmt-nix"
      },
      "locked": {
        "lastModified": 1761274115,
        "narHash": "sha256-ooa+Z9+5E2iMsyihrS40a39UQ4CR1uTkbAQ365NyDrE=",
        "owner": "numtide",
        "repo": "nix-ai-tools",
        "rev": "91844b8b725dffe1ec469867496535a7b2c70003",
        "type": "github"
      },
      "original": {
        "owner": "numtide",
        "repo": "nix-ai-tools",
        "type": "github"
      }
    },
    "nix-index-database": {
      "inputs": {
        "nixpkgs": [
          "nixpkgs"
        ]
      },
      "locked": {
        "lastModified": 1760846226,
        "narHash": "sha256-xmU8kAsRprJiTGBTaGrwmjBP3AMA9ltlrxHKFuy5JWc=",
        "owner": "nix-community",
        "repo": "nix-index-database",
        "rev": "5024e1901239a76b7bf94a4cd27f3507e639d49e",
        "type": "github"
      },
      "original": {
        "owner": "nix-community",
        "repo": "nix-index-database",
        "type": "github"
      }
    },
    "nix-pre-commit": {
      "inputs": {
        "flake-utils": "flake-utils",
        "nixpkgs": [
          "compose2nix",
          "onchg",
          "nixpkgs"
        ]
      },
      "locked": {
        "lastModified": 1653259102,
        "narHash": "sha256-XfCEu4zur/N2Dk4v8wFiQAgJ7bgNqPqwWp1vBXkeczM=",
        "owner": "jmgilman",
        "repo": "nix-pre-commit",
        "rev": "6a99b2711c7eac9960939d8eb91e84322b22d50c",
        "type": "github"
      },
      "original": {
        "owner": "jmgilman",
        "repo": "nix-pre-commit",
        "type": "github"
      }
    },
    "nixpkgs": {
      "locked": {
        "lastModified": 1732014248,
        "narHash": "sha256-y/MEyuJ5oBWrWAic/14LaIr/u5E0wRVzyYsouYY3W6w=",
        "owner": "NixOS",
        "repo": "nixpkgs",
        "rev": "23e89b7da85c3640bbc2173fe04f4bd114342367",
        "type": "github"
      },
      "original": {
        "owner": "NixOS",
        "ref": "nixos-unstable",
        "repo": "nixpkgs",
        "type": "github"
      }
    },
    "nixpkgs-lib": {
      "locked": {
        "lastModified": 1730504152,
        "narHash": "sha256-lXvH/vOfb4aGYyvFmZK/HlsNsr/0CVWlwYvo2rxJk3s=",
        "type": "tarball",
        "url": "https://github.com/NixOS/nixpkgs/archive/cc2f28000298e1269cea6612cd06ec9979dd5d7f.tar.gz"
      },
      "original": {
        "type": "tarball",
        "url": "https://github.com/NixOS/nixpkgs/archive/cc2f28000298e1269cea6612cd06ec9979dd5d7f.tar.gz"
      }
    },
    "nixpkgs-unstable": {
      "locked": {
        "lastModified": 1761114652,
        "narHash": "sha256-f/QCJM/YhrV/lavyCVz8iU3rlZun6d+dAiC3H+CDle4=",
        "owner": "NixOS",
        "repo": "nixpkgs",
        "rev": "01f116e4df6a15f4ccdffb1bcd41096869fb385c",
        "type": "github"
      },
      "original": {
        "owner": "NixOS",
        "ref": "nixos-unstable",
        "repo": "nixpkgs",
        "type": "github"
      }
    },
    "nixpkgs_2": {
      "locked": {
        "lastModified": 1761114652,
        "narHash": "sha256-f/QCJM/YhrV/lavyCVz8iU3rlZun6d+dAiC3H+CDle4=",
        "owner": "NixOS",
        "repo": "nixpkgs",
        "rev": "01f116e4df6a15f4ccdffb1bcd41096869fb385c",
        "type": "github"
      },
      "original": {
        "owner": "NixOS",
        "ref": "nixos-unstable",
        "repo": "nixpkgs",
        "type": "github"
      }
    },
    "nixpkgs_3": {
      "locked": {
        "lastModified": 1761016216,
        "narHash": "sha256-G/iC4t/9j/52i/nm+0/4ybBmAF4hzR8CNHC75qEhjHo=",
        "owner": "NixOS",
        "repo": "nixpkgs",
        "rev": "481cf557888e05d3128a76f14c76397b7d7cc869",
        "type": "github"
      },
      "original": {
        "owner": "NixOS",
        "ref": "nixos-25.05",
        "repo": "nixpkgs",
        "type": "github"
      }
    },
    "onchg": {
      "inputs": {
        "nix-pre-commit": "nix-pre-commit",
        "nixpkgs": [
          "compose2nix",
          "nixpkgs"
        ]
      },
      "locked": {
        "lastModified": 1720368454,
        "narHash": "sha256-NUSw3G2gsQX8/G64/pDBb1oitM+x13m7nFRvpiI4a+s=",
        "owner": "aksiksi",
        "repo": "onchg-rs",
        "rev": "c42b693d10920874b3644ef1502e33318409d69c",
        "type": "github"
      },
      "original": {
        "owner": "aksiksi",
        "repo": "onchg-rs",
        "type": "github"
      }
    },
    "root": {
      "inputs": {
        "compose2nix": "compose2nix",
        "home-manager": "home-manager",
        "llama-cpp": "llama-cpp",
        "nix-ai-tools": "nix-ai-tools",
        "nix-index-database": "nix-index-database",
        "nixpkgs": "nixpkgs_3",
        "nixpkgs-unstable": "nixpkgs-unstable",
        "rust-overlay": "rust-overlay",
        "ucodenix": "ucodenix"
      }
    },
    "rust-overlay": {
      "inputs": {
        "nixpkgs": [
          "nixpkgs"
        ]
      },
      "locked": {
        "lastModified": 1761273263,
        "narHash": "sha256-6d6ojnu6A6sVxIjig8OL6E1T8Ge9st3YGgVwg5MOY+Q=",
        "owner": "oxalica",
        "repo": "rust-overlay",
        "rev": "28405834d4fdd458d28e123fae4db148daecec6f",
        "type": "github"
      },
      "original": {
        "owner": "oxalica",
        "repo": "rust-overlay",
        "type": "github"
      }
    },
    "systems": {
      "locked": {
        "lastModified": 1681028828,
        "narHash": "sha256-Vy1rq5AaRuLzOxct8nz4T6wlgyUR7zLU309k9mBC768=",
        "owner": "nix-systems",
        "repo": "default",
        "rev": "da67096a3b9bf56a91d16901293e51ba5b49a27e",
        "type": "github"
      },
      "original": {
        "owner": "nix-systems",
        "repo": "default",
        "type": "github"
      }
    },
    "treefmt-nix": {
      "inputs": {
        "nixpkgs": [
          "nix-ai-tools",
          "nixpkgs"
        ]
      },
      "locked": {
        "lastModified": 1760945191,
        "narHash": "sha256-ZRVs8UqikBa4Ki3X4KCnMBtBW0ux1DaT35tgsnB1jM4=",
        "owner": "numtide",
        "repo": "treefmt-nix",
        "rev": "f56b1934f5f8fcab8deb5d38d42fd692632b47c2",
        "type": "github"
      },
      "original": {
        "owner": "numtide",
        "repo": "treefmt-nix",
        "type": "github"
      }
    },
    "ucodenix": {
      "inputs": {
        "cpu-microcodes": "cpu-microcodes"
      },
      "locked": {
        "lastModified": 1759935526,
        "narHash": "sha256-ul9G+RlFA1OdfNY2s/qD2ANOagXktbvKpjtWaH8SiVk=",
        "owner": "e-tho",
        "repo": "ucodenix",
        "rev": "ae546711cdd5dbbd284fe9a47bd4f6ae9bbc7449",
        "type": "github"
      },
      "original": {
        "owner": "e-tho",
        "repo": "ucodenix",
        "type": "github"
      }
    }
  },
  "root": "root",
  "version": 7
}
