{
  "nodes": {
    "blueprint": {
      "inputs": {
        "nixpkgs": [
          "nix-ai-tools",
          "nixpkgs"
        ],
        "systems": "systems"
      },
      "locked": {
        "lastModified": 1763308703,
        "narHash": "sha256-O9Y+Wer8wOh+N+4kcCK5p/VLrXyX+ktk0/s3HdZvJzk=",
        "owner": "numtide",
        "repo": "blueprint",
        "rev": "5a9bba070f801d63e2af3c9ef00b86b212429f4f",
        "type": "github"
      },
      "original": {
        "owner": "numtide",
        "repo": "blueprint",
        "type": "github"
      }
    },
    "cpu-microcodes": {
      "flake": false,
      "locked": {
        "lastModified": 1763336161,
        "narHash": "sha256-KDi9xyL57RQmAAJLB6Q2dSF9BMRjq/QBFri7SP9+LX4=",
        "owner": "platomav",
        "repo": "CPUMicrocodes",
        "rev": "2bd1bd04b8af70805c3da1f0f36673d896ca7952",
        "type": "github"
      },
      "original": {
        "owner": "platomav",
        "repo": "CPUMicrocodes",
        "rev": "2bd1bd04b8af70805c3da1f0f36673d896ca7952",
        "type": "github"
      }
    },
    "flake-parts": {
      "inputs": {
        "nixpkgs-lib": "nixpkgs-lib"
      },
      "locked": {
        "lastModified": 1730504689,
        "narHash": "sha256-hgmguH29K2fvs9szpq2r3pz2/8cJd2LPS+b4tfNFCwE=",
        "owner": "hercules-ci",
        "repo": "flake-parts",
        "rev": "506278e768c2a08bec68eb62932193e341f55c90",
        "type": "github"
      },
      "original": {
        "owner": "hercules-ci",
        "repo": "flake-parts",
        "type": "github"
      }
    },
    "home-manager": {
      "inputs": {
        "nixpkgs": [
          "nixpkgs"
        ]
      },
      "locked": {
        "lastModified": 1763992789,
        "narHash": "sha256-WHkdBlw6oyxXIra/vQPYLtqY+3G8dUVZM8bEXk0t8x4=",
        "owner": "nix-community",
        "repo": "home-manager",
        "rev": "44831a7eaba4360fb81f2acc5ea6de5fde90aaa3",
        "type": "github"
      },
      "original": {
        "owner": "nix-community",
        "ref": "release-25.05",
        "repo": "home-manager",
        "type": "github"
      }
    },
    "llama-cpp": {
      "inputs": {
        "flake-parts": "flake-parts",
        "nixpkgs": "nixpkgs"
      },
      "locked": {
        "lastModified": 1760165018,
        "narHash": "sha256-u8UKKKseDTYUAPECBDASAVTu/QuEMDOkuBDyrsA7L3w=",
        "path": "/home/steelph0enix/llama.cpp",
        "type": "path"
      },
      "original": {
        "path": "/home/steelph0enix/llama.cpp",
        "type": "path"
      }
    },
    "nix-ai-tools": {
      "inputs": {
        "blueprint": "blueprint",
        "nixpkgs": "nixpkgs_2",
        "treefmt-nix": "treefmt-nix"
      },
      "locked": {
        "lastModified": 1763975205,
        "narHash": "sha256-5OT98gRASB9eyf6W/7ZXVprP+WCh7j/nZQ4/i/vJlXY=",
        "owner": "numtide",
        "repo": "nix-ai-tools",
        "rev": "841a73b6f1cca04b3eecc125f1a7d93671e96ec1",
        "type": "github"
      },
      "original": {
        "owner": "numtide",
        "repo": "nix-ai-tools",
        "type": "github"
      }
    },
    "nix-index-database": {
      "inputs": {
        "nixpkgs": [
          "nixpkgs"
        ]
      },
      "locked": {
        "lastModified": 1763870992,
        "narHash": "sha256-NPyc76Wxmv/vAsXJ8F+/8fXECHYcv2YGSqdiSHp/F/A=",
        "owner": "nix-community",
        "repo": "nix-index-database",
        "rev": "d7423982c7a26586aa237d130b14c8b302c7a367",
        "type": "github"
      },
      "original": {
        "owner": "nix-community",
        "repo": "nix-index-database",
        "type": "github"
      }
    },
    "nixpkgs": {
      "locked": {
        "lastModified": 1732014248,
        "narHash": "sha256-y/MEyuJ5oBWrWAic/14LaIr/u5E0wRVzyYsouYY3W6w=",
        "owner": "NixOS",
        "repo": "nixpkgs",
        "rev": "23e89b7da85c3640bbc2173fe04f4bd114342367",
        "type": "github"
      },
      "original": {
        "owner": "NixOS",
        "ref": "nixos-unstable",
        "repo": "nixpkgs",
        "type": "github"
      }
    },
    "nixpkgs-lib": {
      "locked": {
        "lastModified": 1730504152,
        "narHash": "sha256-lXvH/vOfb4aGYyvFmZK/HlsNsr/0CVWlwYvo2rxJk3s=",
        "type": "tarball",
        "url": "https://github.com/NixOS/nixpkgs/archive/cc2f28000298e1269cea6612cd06ec9979dd5d7f.tar.gz"
      },
      "original": {
        "type": "tarball",
        "url": "https://github.com/NixOS/nixpkgs/archive/cc2f28000298e1269cea6612cd06ec9979dd5d7f.tar.gz"
      }
    },
    "nixpkgs-local": {
      "locked": {
        "lastModified": 1759419070,
        "narHash": "sha256-RXjJl+Z7fpofwnCik3Kwyux9r4MXF0V77u64329f/KE=",
        "path": "/home/steelph0enix/nixpkgs",
        "type": "path"
      },
      "original": {
        "path": "/home/steelph0enix/nixpkgs",
        "type": "path"
      }
    },
    "nixpkgs-unstable": {
      "locked": {
        "lastModified": 1763835633,
        "narHash": "sha256-HzxeGVID5MChuCPESuC0dlQL1/scDKu+MmzoVBJxulM=",
        "owner": "NixOS",
        "repo": "nixpkgs",
        "rev": "050e09e091117c3d7328c7b2b7b577492c43c134",
        "type": "github"
      },
      "original": {
        "owner": "NixOS",
        "ref": "nixos-unstable",
        "repo": "nixpkgs",
        "type": "github"
      }
    },
    "nixpkgs_2": {
      "locked": {
        "lastModified": 1763806073,
        "narHash": "sha256-FHsEKDvfWpzdADWj99z7vBk4D716Ujdyveo5+A048aI=",
        "owner": "NixOS",
        "repo": "nixpkgs",
        "rev": "878e468e02bfabeda08c79250f7ad583037f2227",
        "type": "github"
      },
      "original": {
        "owner": "NixOS",
        "ref": "nixpkgs-unstable",
        "repo": "nixpkgs",
        "type": "github"
      }
    },
    "nixpkgs_3": {
      "locked": {
        "lastModified": 1763622513,
        "narHash": "sha256-1jQnuyu82FpiSxowrF/iFK6Toh9BYprfDqfs4BB+19M=",
        "owner": "NixOS",
        "repo": "nixpkgs",
        "rev": "c58bc7f5459328e4afac201c5c4feb7c818d604b",
        "type": "github"
      },
      "original": {
        "owner": "NixOS",
        "ref": "nixos-25.05",
        "repo": "nixpkgs",
        "type": "github"
      }
    },
    "root": {
      "inputs": {
        "home-manager": "home-manager",
        "llama-cpp": "llama-cpp",
        "nix-ai-tools": "nix-ai-tools",
        "nix-index-database": "nix-index-database",
        "nixpkgs": "nixpkgs_3",
        "nixpkgs-local": "nixpkgs-local",
        "nixpkgs-unstable": "nixpkgs-unstable",
        "rust-overlay": "rust-overlay",
        "ucodenix": "ucodenix"
      }
    },
    "rust-overlay": {
      "inputs": {
        "nixpkgs": [
          "nixpkgs"
        ]
      },
      "locked": {
        "lastModified": 1763952169,
        "narHash": "sha256-+PeDBD8P+NKauH+w7eO/QWCIp8Cx4mCfWnh9sJmy9CM=",
        "owner": "oxalica",
        "repo": "rust-overlay",
        "rev": "ab726555a9a72e6dc80649809147823a813fa95b",
        "type": "github"
      },
      "original": {
        "owner": "oxalica",
        "repo": "rust-overlay",
        "type": "github"
      }
    },
    "systems": {
      "locked": {
        "lastModified": 1681028828,
        "narHash": "sha256-Vy1rq5AaRuLzOxct8nz4T6wlgyUR7zLU309k9mBC768=",
        "owner": "nix-systems",
        "repo": "default",
        "rev": "da67096a3b9bf56a91d16901293e51ba5b49a27e",
        "type": "github"
      },
      "original": {
        "owner": "nix-systems",
        "repo": "default",
        "type": "github"
      }
    },
    "treefmt-nix": {
      "inputs": {
        "nixpkgs": [
          "nix-ai-tools",
          "nixpkgs"
        ]
      },
      "locked": {
        "lastModified": 1762938485,
        "narHash": "sha256-AlEObg0syDl+Spi4LsZIBrjw+snSVU4T8MOeuZJUJjM=",
        "owner": "numtide",
        "repo": "treefmt-nix",
        "rev": "5b4ee75aeefd1e2d5a1cc43cf6ba65eba75e83e4",
        "type": "github"
      },
      "original": {
        "owner": "numtide",
        "repo": "treefmt-nix",
        "type": "github"
      }
    },
    "ucodenix": {
      "inputs": {
        "cpu-microcodes": "cpu-microcodes"
      },
      "locked": {
        "lastModified": 1763395895,
        "narHash": "sha256-Ws+pqV0QxJ6oNU8sEwok8JQRkj4mAFOIwTMaA/K3G/Q=",
        "owner": "e-tho",
        "repo": "ucodenix",
        "rev": "ae4840d921c77482f30e45a849025ad436e65521",
        "type": "github"
      },
      "original": {
        "owner": "e-tho",
        "repo": "ucodenix",
        "type": "github"
      }
    }
  },
  "root": "root",
  "version": 7
}
